{
  "name": "project-ex02",
  "version": "1.0.0",
  "lockfileVersion": 2,
  "requires": true,
  "packages": {
    "": {
      "version": "1.0.0",
      "license": "ISC",
      "dependencies": {
        "jaeseong-math": "file:../jaeseong-math"
      }
    },
    "../jaeseong-math": {
      "version": "1.0.0",
      "license": "ISC"
    },
    "node_modules/jaeseong-math": {
      "resolved": "../jaeseong-math",
      "link": true
    }
  },
  "dependencies": {
    "jaeseong-math": {
      "version": "file:../jaeseong-math"
    }
  }
}
